// !$*UTF8*$!
{
	archiveVersion = 1;
	classes = {
	};
	objectVersion = 51;
	objects = {

/* Begin PBXBuildFile section */
		327FC143E8F85C1D66561FA6 /* Pods_Presentation.framework in Frameworks */ = {isa = PBXBuildFile; fileRef = B066525D04D32E863B0A4697 /* Pods_Presentation.framework */; };
		50A3D07922DE376000F98CF2 /* AppDelegate.swift in Sources */ = {isa = PBXBuildFile; fileRef = 50A3D07822DE376000F98CF2 /* AppDelegate.swift */; };
		50A3D08022DE376100F98CF2 /* Assets.xcassets in Resources */ = {isa = PBXBuildFile; fileRef = 50A3D07F22DE376100F98CF2 /* Assets.xcassets */; };
		50A3D08322DE376100F98CF2 /* LaunchScreen.storyboard in Resources */ = {isa = PBXBuildFile; fileRef = 50A3D08122DE376100F98CF2 /* LaunchScreen.storyboard */; };
		50A3D08E22DE376100F98CF2 /* PresentationTests.swift in Sources */ = {isa = PBXBuildFile; fileRef = 50A3D08D22DE376100F98CF2 /* PresentationTests.swift */; };
		50A3D09922DE376100F98CF2 /* PresentationUITests.swift in Sources */ = {isa = PBXBuildFile; fileRef = 50A3D09822DE376100F98CF2 /* PresentationUITests.swift */; };
		50A3D12B22DE8F7700F98CF2 /* Domain.framework in Frameworks */ = {isa = PBXBuildFile; fileRef = 50A3D12A22DE8F7700F98CF2 /* Domain.framework */; };
		50A3D12C22DE8F7700F98CF2 /* Domain.framework in Embed Frameworks */ = {isa = PBXBuildFile; fileRef = 50A3D12A22DE8F7700F98CF2 /* Domain.framework */; settings = {ATTRIBUTES = (CodeSignOnCopy, RemoveHeadersOnCopy, ); }; };
		50A3D13122DE8FDC00F98CF2 /* Data.framework in Frameworks */ = {isa = PBXBuildFile; fileRef = 50A3D13022DE8FDC00F98CF2 /* Data.framework */; };
		50A3D13222DE8FDC00F98CF2 /* Data.framework in Embed Frameworks */ = {isa = PBXBuildFile; fileRef = 50A3D13022DE8FDC00F98CF2 /* Data.framework */; settings = {ATTRIBUTES = (CodeSignOnCopy, RemoveHeadersOnCopy, ); }; };
		50A3D13B22DECBB300F98CF2 /* HomeViewController.swift in Sources */ = {isa = PBXBuildFile; fileRef = 50A3D13922DECBB300F98CF2 /* HomeViewController.swift */; };
		50A3D13C22DECBB300F98CF2 /* HomeViewController.xib in Resources */ = {isa = PBXBuildFile; fileRef = 50A3D13A22DECBB300F98CF2 /* HomeViewController.xib */; };
		50A3D13E22DECBC300F98CF2 /* HomeConfigurator.swift in Sources */ = {isa = PBXBuildFile; fileRef = 50A3D13D22DECBC300F98CF2 /* HomeConfigurator.swift */; };
		50A3D14022DECBD200F98CF2 /* HomeRouter.swift in Sources */ = {isa = PBXBuildFile; fileRef = 50A3D13F22DECBD200F98CF2 /* HomeRouter.swift */; };
		50A3D14222DECBDD00F98CF2 /* HomePresenter.swift in Sources */ = {isa = PBXBuildFile; fileRef = 50A3D14122DECBDD00F98CF2 /* HomePresenter.swift */; };
		50A3D16022DF8C2B00F98CF2 /* Protocols.swift in Sources */ = {isa = PBXBuildFile; fileRef = 50A3D15F22DF8C2B00F98CF2 /* Protocols.swift */; };
		50A3D17B22DFB7CF00F98CF2 /* Movie.swift in Sources */ = {isa = PBXBuildFile; fileRef = 50A3D17A22DFB7CF00F98CF2 /* Movie.swift */; };
		50A3D17E22DFD7F300F98CF2 /* MovieCollectionViewCell.swift in Sources */ = {isa = PBXBuildFile; fileRef = 50A3D17C22DFD7F300F98CF2 /* MovieCollectionViewCell.swift */; };
		50A3D17F22DFD7F300F98CF2 /* MovieCollectionViewCell.xib in Resources */ = {isa = PBXBuildFile; fileRef = 50A3D17D22DFD7F300F98CF2 /* MovieCollectionViewCell.xib */; };
		50A3D18322E0C4EF00F98CF2 /* MovieDetailViewController.swift in Sources */ = {isa = PBXBuildFile; fileRef = 50A3D18122E0C4EF00F98CF2 /* MovieDetailViewController.swift */; };
		50A3D18422E0C4EF00F98CF2 /* MovieDetailViewController.xib in Resources */ = {isa = PBXBuildFile; fileRef = 50A3D18222E0C4EF00F98CF2 /* MovieDetailViewController.xib */; };
		50A3D18722E0CC9B00F98CF2 /* Utils.swift in Sources */ = {isa = PBXBuildFile; fileRef = 50A3D18622E0CC9B00F98CF2 /* Utils.swift */; };
		50A3D18922E0CCA000F98CF2 /* Constants.swift in Sources */ = {isa = PBXBuildFile; fileRef = 50A3D18822E0CCA000F98CF2 /* Constants.swift */; };
		50A3D18F22E0D5F600F98CF2 /* Genre.swift in Sources */ = {isa = PBXBuildFile; fileRef = 50A3D18E22E0D5F600F98CF2 /* Genre.swift */; };
		50A3D19322E0EE0300F98CF2 /* MenuTabsView.swift in Sources */ = {isa = PBXBuildFile; fileRef = 50A3D19222E0EE0300F98CF2 /* MenuTabsView.swift */; };
		50A3D19522E0EE2900F98CF2 /* BasicCell.swift in Sources */ = {isa = PBXBuildFile; fileRef = 50A3D19422E0EE2900F98CF2 /* BasicCell.swift */; };
		50A3D19822E0EE5900F98CF2 /* Extension.swift in Sources */ = {isa = PBXBuildFile; fileRef = 50A3D19722E0EE5900F98CF2 /* Extension.swift */; };
		50A3D19B22E1216100F98CF2 /* CategoriesViewController.swift in Sources */ = {isa = PBXBuildFile; fileRef = 50A3D19922E1216100F98CF2 /* CategoriesViewController.swift */; };
		50A3D19C22E1216200F98CF2 /* CategoriesViewController.xib in Resources */ = {isa = PBXBuildFile; fileRef = 50A3D19A22E1216100F98CF2 /* CategoriesViewController.xib */; };
		50A3D19F22E12AE800F98CF2 /* CategoryTableViewCell.swift in Sources */ = {isa = PBXBuildFile; fileRef = 50A3D19D22E12AE800F98CF2 /* CategoryTableViewCell.swift */; };
		50A3D1A022E12AE800F98CF2 /* CategoryTableViewCell.xib in Resources */ = {isa = PBXBuildFile; fileRef = 50A3D19E22E12AE800F98CF2 /* CategoryTableViewCell.xib */; };
		50A7F52B22E262B000089954 /* Animations.swift in Sources */ = {isa = PBXBuildFile; fileRef = 50A7F52A22E262B000089954 /* Animations.swift */; };
/* End PBXBuildFile section */

/* Begin PBXContainerItemProxy section */
		50A3D08A22DE376100F98CF2 /* PBXContainerItemProxy */ = {
			isa = PBXContainerItemProxy;
			containerPortal = 50A3D06D22DE376000F98CF2 /* Project object */;
			proxyType = 1;
			remoteGlobalIDString = 50A3D07422DE376000F98CF2;
			remoteInfo = Presentation;
		};
		50A3D09522DE376100F98CF2 /* PBXContainerItemProxy */ = {
			isa = PBXContainerItemProxy;
			containerPortal = 50A3D06D22DE376000F98CF2 /* Project object */;
			proxyType = 1;
			remoteGlobalIDString = 50A3D07422DE376000F98CF2;
			remoteInfo = Presentation;
		};
/* End PBXContainerItemProxy section */

/* Begin PBXCopyFilesBuildPhase section */
		50A3D12D22DE8F7700F98CF2 /* Embed Frameworks */ = {
			isa = PBXCopyFilesBuildPhase;
			buildActionMask = 2147483647;
			dstPath = "";
			dstSubfolderSpec = 10;
			files = (
				50A3D13222DE8FDC00F98CF2 /* Data.framework in Embed Frameworks */,
				50A3D12C22DE8F7700F98CF2 /* Domain.framework in Embed Frameworks */,
			);
			name = "Embed Frameworks";
			runOnlyForDeploymentPostprocessing = 0;
		};
/* End PBXCopyFilesBuildPhase section */

/* Begin PBXFileReference section */
		50A3D07522DE376000F98CF2 /* Presentation.app */ = {isa = PBXFileReference; explicitFileType = wrapper.application; includeInIndex = 0; path = Presentation.app; sourceTree = BUILT_PRODUCTS_DIR; };
		50A3D07822DE376000F98CF2 /* AppDelegate.swift */ = {isa = PBXFileReference; lastKnownFileType = sourcecode.swift; path = AppDelegate.swift; sourceTree = "<group>"; };
		50A3D07F22DE376100F98CF2 /* Assets.xcassets */ = {isa = PBXFileReference; lastKnownFileType = folder.assetcatalog; path = Assets.xcassets; sourceTree = "<group>"; };
		50A3D08222DE376100F98CF2 /* Base */ = {isa = PBXFileReference; lastKnownFileType = file.storyboard; name = Base; path = Base.lproj/LaunchScreen.storyboard; sourceTree = "<group>"; };
		50A3D08422DE376100F98CF2 /* Info.plist */ = {isa = PBXFileReference; lastKnownFileType = text.plist.xml; path = Info.plist; sourceTree = "<group>"; };
		50A3D08922DE376100F98CF2 /* PresentationTests.xctest */ = {isa = PBXFileReference; explicitFileType = wrapper.cfbundle; includeInIndex = 0; path = PresentationTests.xctest; sourceTree = BUILT_PRODUCTS_DIR; };
		50A3D08D22DE376100F98CF2 /* PresentationTests.swift */ = {isa = PBXFileReference; lastKnownFileType = sourcecode.swift; path = PresentationTests.swift; sourceTree = "<group>"; };
		50A3D08F22DE376100F98CF2 /* Info.plist */ = {isa = PBXFileReference; lastKnownFileType = text.plist.xml; path = Info.plist; sourceTree = "<group>"; };
		50A3D09422DE376100F98CF2 /* PresentationUITests.xctest */ = {isa = PBXFileReference; explicitFileType = wrapper.cfbundle; includeInIndex = 0; path = PresentationUITests.xctest; sourceTree = BUILT_PRODUCTS_DIR; };
		50A3D09822DE376100F98CF2 /* PresentationUITests.swift */ = {isa = PBXFileReference; lastKnownFileType = sourcecode.swift; path = PresentationUITests.swift; sourceTree = "<group>"; };
		50A3D09A22DE376100F98CF2 /* Info.plist */ = {isa = PBXFileReference; lastKnownFileType = text.plist.xml; path = Info.plist; sourceTree = "<group>"; };
		50A3D12A22DE8F7700F98CF2 /* Domain.framework */ = {isa = PBXFileReference; explicitFileType = wrapper.framework; path = Domain.framework; sourceTree = BUILT_PRODUCTS_DIR; };
		50A3D13022DE8FDC00F98CF2 /* Data.framework */ = {isa = PBXFileReference; explicitFileType = wrapper.framework; path = Data.framework; sourceTree = BUILT_PRODUCTS_DIR; };
		50A3D13922DECBB300F98CF2 /* HomeViewController.swift */ = {isa = PBXFileReference; lastKnownFileType = sourcecode.swift; path = HomeViewController.swift; sourceTree = "<group>"; };
		50A3D13A22DECBB300F98CF2 /* HomeViewController.xib */ = {isa = PBXFileReference; lastKnownFileType = file.xib; path = HomeViewController.xib; sourceTree = "<group>"; };
		50A3D13D22DECBC300F98CF2 /* HomeConfigurator.swift */ = {isa = PBXFileReference; lastKnownFileType = sourcecode.swift; path = HomeConfigurator.swift; sourceTree = "<group>"; };
		50A3D13F22DECBD200F98CF2 /* HomeRouter.swift */ = {isa = PBXFileReference; lastKnownFileType = sourcecode.swift; path = HomeRouter.swift; sourceTree = "<group>"; };
		50A3D14122DECBDD00F98CF2 /* HomePresenter.swift */ = {isa = PBXFileReference; lastKnownFileType = sourcecode.swift; path = HomePresenter.swift; sourceTree = "<group>"; };
		50A3D15F22DF8C2B00F98CF2 /* Protocols.swift */ = {isa = PBXFileReference; lastKnownFileType = sourcecode.swift; path = Protocols.swift; sourceTree = "<group>"; };
		50A3D17A22DFB7CF00F98CF2 /* Movie.swift */ = {isa = PBXFileReference; lastKnownFileType = sourcecode.swift; path = Movie.swift; sourceTree = "<group>"; };
		50A3D17C22DFD7F300F98CF2 /* MovieCollectionViewCell.swift */ = {isa = PBXFileReference; lastKnownFileType = sourcecode.swift; path = MovieCollectionViewCell.swift; sourceTree = "<group>"; };
		50A3D17D22DFD7F300F98CF2 /* MovieCollectionViewCell.xib */ = {isa = PBXFileReference; lastKnownFileType = file.xib; path = MovieCollectionViewCell.xib; sourceTree = "<group>"; };
		50A3D18122E0C4EF00F98CF2 /* MovieDetailViewController.swift */ = {isa = PBXFileReference; lastKnownFileType = sourcecode.swift; path = MovieDetailViewController.swift; sourceTree = "<group>"; };
		50A3D18222E0C4EF00F98CF2 /* MovieDetailViewController.xib */ = {isa = PBXFileReference; lastKnownFileType = file.xib; path = MovieDetailViewController.xib; sourceTree = "<group>"; };
		50A3D18622E0CC9B00F98CF2 /* Utils.swift */ = {isa = PBXFileReference; lastKnownFileType = sourcecode.swift; path = Utils.swift; sourceTree = "<group>"; };
		50A3D18822E0CCA000F98CF2 /* Constants.swift */ = {isa = PBXFileReference; lastKnownFileType = sourcecode.swift; path = Constants.swift; sourceTree = "<group>"; };
		50A3D18E22E0D5F600F98CF2 /* Genre.swift */ = {isa = PBXFileReference; lastKnownFileType = sourcecode.swift; path = Genre.swift; sourceTree = "<group>"; };
		50A3D19222E0EE0300F98CF2 /* MenuTabsView.swift */ = {isa = PBXFileReference; lastKnownFileType = sourcecode.swift; path = MenuTabsView.swift; sourceTree = "<group>"; };
		50A3D19422E0EE2900F98CF2 /* BasicCell.swift */ = {isa = PBXFileReference; lastKnownFileType = sourcecode.swift; path = BasicCell.swift; sourceTree = "<group>"; };
		50A3D19722E0EE5900F98CF2 /* Extension.swift */ = {isa = PBXFileReference; lastKnownFileType = sourcecode.swift; path = Extension.swift; sourceTree = "<group>"; };
		50A3D19922E1216100F98CF2 /* CategoriesViewController.swift */ = {isa = PBXFileReference; lastKnownFileType = sourcecode.swift; path = CategoriesViewController.swift; sourceTree = "<group>"; };
		50A3D19A22E1216100F98CF2 /* CategoriesViewController.xib */ = {isa = PBXFileReference; lastKnownFileType = file.xib; path = CategoriesViewController.xib; sourceTree = "<group>"; };
		50A3D19D22E12AE800F98CF2 /* CategoryTableViewCell.swift */ = {isa = PBXFileReference; lastKnownFileType = sourcecode.swift; path = CategoryTableViewCell.swift; sourceTree = "<group>"; };
		50A3D19E22E12AE800F98CF2 /* CategoryTableViewCell.xib */ = {isa = PBXFileReference; lastKnownFileType = file.xib; path = CategoryTableViewCell.xib; sourceTree = "<group>"; };
		50A7F52A22E262B000089954 /* Animations.swift */ = {isa = PBXFileReference; lastKnownFileType = sourcecode.swift; path = Animations.swift; sourceTree = "<group>"; };
		B066525D04D32E863B0A4697 /* Pods_Presentation.framework */ = {isa = PBXFileReference; explicitFileType = wrapper.framework; includeInIndex = 0; path = Pods_Presentation.framework; sourceTree = BUILT_PRODUCTS_DIR; };
		C4AD5B2C7DA80AC2004DC434 /* Pods-Presentation.release.xcconfig */ = {isa = PBXFileReference; includeInIndex = 1; lastKnownFileType = text.xcconfig; name = "Pods-Presentation.release.xcconfig"; path = "Target Support Files/Pods-Presentation/Pods-Presentation.release.xcconfig"; sourceTree = "<group>"; };
		EAEB457396DC3B61E1E49C99 /* Pods-Presentation.debug.xcconfig */ = {isa = PBXFileReference; includeInIndex = 1; lastKnownFileType = text.xcconfig; name = "Pods-Presentation.debug.xcconfig"; path = "Target Support Files/Pods-Presentation/Pods-Presentation.debug.xcconfig"; sourceTree = "<group>"; };
/* End PBXFileReference section */

/* Begin PBXFrameworksBuildPhase section */
		50A3D07222DE376000F98CF2 /* Frameworks */ = {
			isa = PBXFrameworksBuildPhase;
			buildActionMask = 2147483647;
			files = (
				50A3D13122DE8FDC00F98CF2 /* Data.framework in Frameworks */,
				50A3D12B22DE8F7700F98CF2 /* Domain.framework in Frameworks */,
				327FC143E8F85C1D66561FA6 /* Pods_Presentation.framework in Frameworks */,
			);
			runOnlyForDeploymentPostprocessing = 0;
		};
		50A3D08622DE376100F98CF2 /* Frameworks */ = {
			isa = PBXFrameworksBuildPhase;
			buildActionMask = 2147483647;
			files = (
			);
			runOnlyForDeploymentPostprocessing = 0;
		};
		50A3D09122DE376100F98CF2 /* Frameworks */ = {
			isa = PBXFrameworksBuildPhase;
			buildActionMask = 2147483647;
			files = (
			);
			runOnlyForDeploymentPostprocessing = 0;
		};
/* End PBXFrameworksBuildPhase section */

/* Begin PBXGroup section */
		50A3D06C22DE376000F98CF2 = {
			isa = PBXGroup;
			children = (
				50A3D13022DE8FDC00F98CF2 /* Data.framework */,
				50A3D12A22DE8F7700F98CF2 /* Domain.framework */,
				50A3D07722DE376000F98CF2 /* Presentation */,
				50A3D08C22DE376100F98CF2 /* PresentationTests */,
				50A3D09722DE376100F98CF2 /* PresentationUITests */,
				50A3D07622DE376000F98CF2 /* Products */,
				639B46F4575E4D3FB24535E5 /* Pods */,
				75CCC47788A6CBB3E16BE3DE /* Frameworks */,
			);
			sourceTree = "<group>";
		};
		50A3D07622DE376000F98CF2 /* Products */ = {
			isa = PBXGroup;
			children = (
				50A3D07522DE376000F98CF2 /* Presentation.app */,
				50A3D08922DE376100F98CF2 /* PresentationTests.xctest */,
				50A3D09422DE376100F98CF2 /* PresentationUITests.xctest */,
			);
			name = Products;
			sourceTree = "<group>";
		};
		50A3D07722DE376000F98CF2 /* Presentation */ = {
			isa = PBXGroup;
			children = (
				50A3D18522E0CC8F00F98CF2 /* Resourses */,
				50A3D17822DFB77900F98CF2 /* Entities */,
				50A3D13322DECB6D00F98CF2 /* Scenes */,
				50A3D07822DE376000F98CF2 /* AppDelegate.swift */,
				50A3D07F22DE376100F98CF2 /* Assets.xcassets */,
				50A3D08122DE376100F98CF2 /* LaunchScreen.storyboard */,
				50A3D08422DE376100F98CF2 /* Info.plist */,
			);
			path = Presentation;
			sourceTree = "<group>";
		};
		50A3D08C22DE376100F98CF2 /* PresentationTests */ = {
			isa = PBXGroup;
			children = (
				50A3D08D22DE376100F98CF2 /* PresentationTests.swift */,
				50A3D08F22DE376100F98CF2 /* Info.plist */,
			);
			path = PresentationTests;
			sourceTree = "<group>";
		};
		50A3D09722DE376100F98CF2 /* PresentationUITests */ = {
			isa = PBXGroup;
			children = (
				50A3D09822DE376100F98CF2 /* PresentationUITests.swift */,
				50A3D09A22DE376100F98CF2 /* Info.plist */,
			);
			path = PresentationUITests;
			sourceTree = "<group>";
		};
		50A3D13322DECB6D00F98CF2 /* Scenes */ = {
			isa = PBXGroup;
			children = (
				50A3D13422DECB7400F98CF2 /* Home */,
			);
			path = Scenes;
			sourceTree = "<group>";
		};
		50A3D13422DECB7400F98CF2 /* Home */ = {
			isa = PBXGroup;
			children = (
				50A3D13822DECB9600F98CF2 /* Configurator */,
				50A3D13722DECB9100F98CF2 /* Router */,
				50A3D13622DECB8A00F98CF2 /* Presenter */,
				50A3D13522DECB8400F98CF2 /* Controller */,
				50A3D15F22DF8C2B00F98CF2 /* Protocols.swift */,
			);
			path = Home;
			sourceTree = "<group>";
		};
		50A3D13522DECB8400F98CF2 /* Controller */ = {
			isa = PBXGroup;
			children = (
				50A3D18022E0C4CA00F98CF2 /* Views */,
				50A3D14322DF7B1900F98CF2 /* CustomViews */,
				50A3D13922DECBB300F98CF2 /* HomeViewController.swift */,
				50A3D13A22DECBB300F98CF2 /* HomeViewController.xib */,
			);
			path = Controller;
			sourceTree = "<group>";
		};
		50A3D13622DECB8A00F98CF2 /* Presenter */ = {
			isa = PBXGroup;
			children = (
				50A3D14122DECBDD00F98CF2 /* HomePresenter.swift */,
			);
			path = Presenter;
			sourceTree = "<group>";
		};
		50A3D13722DECB9100F98CF2 /* Router */ = {
			isa = PBXGroup;
			children = (
				50A3D13F22DECBD200F98CF2 /* HomeRouter.swift */,
			);
			path = Router;
			sourceTree = "<group>";
		};
		50A3D13822DECB9600F98CF2 /* Configurator */ = {
			isa = PBXGroup;
			children = (
				50A3D13D22DECBC300F98CF2 /* HomeConfigurator.swift */,
			);
			path = Configurator;
			sourceTree = "<group>";
		};
		50A3D14322DF7B1900F98CF2 /* CustomViews */ = {
			isa = PBXGroup;
			children = (
				50A3D19422E0EE2900F98CF2 /* BasicCell.swift */,
				50A3D19222E0EE0300F98CF2 /* MenuTabsView.swift */,
				50A3D17C22DFD7F300F98CF2 /* MovieCollectionViewCell.swift */,
				50A3D17D22DFD7F300F98CF2 /* MovieCollectionViewCell.xib */,
				50A3D19D22E12AE800F98CF2 /* CategoryTableViewCell.swift */,
				50A3D19E22E12AE800F98CF2 /* CategoryTableViewCell.xib */,
			);
			path = CustomViews;
			sourceTree = "<group>";
		};
		50A3D17822DFB77900F98CF2 /* Entities */ = {
			isa = PBXGroup;
			children = (
				50A3D17A22DFB7CF00F98CF2 /* Movie.swift */,
				50A3D18E22E0D5F600F98CF2 /* Genre.swift */,
			);
			path = Entities;
			sourceTree = "<group>";
		};
		50A3D18022E0C4CA00F98CF2 /* Views */ = {
			isa = PBXGroup;
			children = (
				50A3D18122E0C4EF00F98CF2 /* MovieDetailViewController.swift */,
				50A3D18222E0C4EF00F98CF2 /* MovieDetailViewController.xib */,
				50A3D19922E1216100F98CF2 /* CategoriesViewController.swift */,
				50A3D19A22E1216100F98CF2 /* CategoriesViewController.xib */,
			);
			path = Views;
			sourceTree = "<group>";
		};
		50A3D18522E0CC8F00F98CF2 /* Resourses */ = {
			isa = PBXGroup;
			children = (
				50A3D18622E0CC9B00F98CF2 /* Utils.swift */,
				50A3D18822E0CCA000F98CF2 /* Constants.swift */,
				50A3D19722E0EE5900F98CF2 /* Extension.swift */,
				50A7F52A22E262B000089954 /* Animations.swift */,
			);
			path = Resourses;
			sourceTree = "<group>";
		};
		639B46F4575E4D3FB24535E5 /* Pods */ = {
			isa = PBXGroup;
			children = (
				EAEB457396DC3B61E1E49C99 /* Pods-Presentation.debug.xcconfig */,
				C4AD5B2C7DA80AC2004DC434 /* Pods-Presentation.release.xcconfig */,
			);
			name = Pods;
			path = ../Pods;
			sourceTree = "<group>";
		};
		75CCC47788A6CBB3E16BE3DE /* Frameworks */ = {
			isa = PBXGroup;
			children = (
				B066525D04D32E863B0A4697 /* Pods_Presentation.framework */,
			);
			name = Frameworks;
			sourceTree = "<group>";
		};
/* End PBXGroup section */

/* Begin PBXNativeTarget section */
		50A3D07422DE376000F98CF2 /* Presentation */ = {
			isa = PBXNativeTarget;
			buildConfigurationList = 50A3D09D22DE376100F98CF2 /* Build configuration list for PBXNativeTarget "Presentation" */;
			buildPhases = (
				3615AFA915992F1D8362ADBF /* [CP] Check Pods Manifest.lock */,
				50A3D07122DE376000F98CF2 /* Sources */,
				50A3D07222DE376000F98CF2 /* Frameworks */,
				50A3D07322DE376000F98CF2 /* Resources */,
				50A3D12D22DE8F7700F98CF2 /* Embed Frameworks */,
				87627B96030F4FB9D493D603 /* [CP] Embed Pods Frameworks */,
			);
			buildRules = (
			);
			dependencies = (
			);
			name = Presentation;
			productName = Presentation;
			productReference = 50A3D07522DE376000F98CF2 /* Presentation.app */;
			productType = "com.apple.product-type.application";
		};
		50A3D08822DE376100F98CF2 /* PresentationTests */ = {
			isa = PBXNativeTarget;
			buildConfigurationList = 50A3D0A022DE376100F98CF2 /* Build configuration list for PBXNativeTarget "PresentationTests" */;
			buildPhases = (
				50A3D08522DE376100F98CF2 /* Sources */,
				50A3D08622DE376100F98CF2 /* Frameworks */,
				50A3D08722DE376100F98CF2 /* Resources */,
			);
			buildRules = (
			);
			dependencies = (
				50A3D08B22DE376100F98CF2 /* PBXTargetDependency */,
			);
			name = PresentationTests;
			productName = PresentationTests;
			productReference = 50A3D08922DE376100F98CF2 /* PresentationTests.xctest */;
			productType = "com.apple.product-type.bundle.unit-test";
		};
		50A3D09322DE376100F98CF2 /* PresentationUITests */ = {
			isa = PBXNativeTarget;
			buildConfigurationList = 50A3D0A322DE376100F98CF2 /* Build configuration list for PBXNativeTarget "PresentationUITests" */;
			buildPhases = (
				50A3D09022DE376100F98CF2 /* Sources */,
				50A3D09122DE376100F98CF2 /* Frameworks */,
				50A3D09222DE376100F98CF2 /* Resources */,
			);
			buildRules = (
			);
			dependencies = (
				50A3D09622DE376100F98CF2 /* PBXTargetDependency */,
			);
			name = PresentationUITests;
			productName = PresentationUITests;
			productReference = 50A3D09422DE376100F98CF2 /* PresentationUITests.xctest */;
			productType = "com.apple.product-type.bundle.ui-testing";
		};
/* End PBXNativeTarget section */

/* Begin PBXProject section */
		50A3D06D22DE376000F98CF2 /* Project object */ = {
			isa = PBXProject;
			attributes = {
				LastSwiftUpdateCheck = 1020;
				LastUpgradeCheck = 1020;
				ORGANIZATIONNAME = "Jordan Capa";
				TargetAttributes = {
					50A3D07422DE376000F98CF2 = {
						CreatedOnToolsVersion = 10.2.1;
					};
					50A3D08822DE376100F98CF2 = {
						CreatedOnToolsVersion = 10.2.1;
						TestTargetID = 50A3D07422DE376000F98CF2;
					};
					50A3D09322DE376100F98CF2 = {
						CreatedOnToolsVersion = 10.2.1;
						TestTargetID = 50A3D07422DE376000F98CF2;
					};
				};
			};
			buildConfigurationList = 50A3D07022DE376000F98CF2 /* Build configuration list for PBXProject "Presentation" */;
			compatibilityVersion = "Xcode 9.3";
			developmentRegion = en;
			hasScannedForEncodings = 0;
			knownRegions = (
				en,
				Base,
			);
			mainGroup = 50A3D06C22DE376000F98CF2;
			productRefGroup = 50A3D07622DE376000F98CF2 /* Products */;
			projectDirPath = "";
			projectRoot = "";
			targets = (
				50A3D07422DE376000F98CF2 /* Presentation */,
				50A3D08822DE376100F98CF2 /* PresentationTests */,
				50A3D09322DE376100F98CF2 /* PresentationUITests */,
			);
		};
/* End PBXProject section */

/* Begin PBXResourcesBuildPhase section */
		50A3D07322DE376000F98CF2 /* Resources */ = {
			isa = PBXResourcesBuildPhase;
			buildActionMask = 2147483647;
			files = (
				50A3D18422E0C4EF00F98CF2 /* MovieDetailViewController.xib in Resources */,
				50A3D1A022E12AE800F98CF2 /* CategoryTableViewCell.xib in Resources */,
				50A3D08322DE376100F98CF2 /* LaunchScreen.storyboard in Resources */,
				50A3D19C22E1216200F98CF2 /* CategoriesViewController.xib in Resources */,
				50A3D08022DE376100F98CF2 /* Assets.xcassets in Resources */,
				50A3D13C22DECBB300F98CF2 /* HomeViewController.xib in Resources */,
				50A3D17F22DFD7F300F98CF2 /* MovieCollectionViewCell.xib in Resources */,
			);
			runOnlyForDeploymentPostprocessing = 0;
		};
		50A3D08722DE376100F98CF2 /* Resources */ = {
			isa = PBXResourcesBuildPhase;
			buildActionMask = 2147483647;
			files = (
			);
			runOnlyForDeploymentPostprocessing = 0;
		};
		50A3D09222DE376100F98CF2 /* Resources */ = {
			isa = PBXResourcesBuildPhase;
			buildActionMask = 2147483647;
			files = (
			);
			runOnlyForDeploymentPostprocessing = 0;
		};
/* End PBXResourcesBuildPhase section */

/* Begin PBXShellScriptBuildPhase section */
		3615AFA915992F1D8362ADBF /* [CP] Check Pods Manifest.lock */ = {
			isa = PBXShellScriptBuildPhase;
			buildActionMask = 2147483647;
			files = (
			);
			inputFileListPaths = (
			);
			inputPaths = (
				"${PODS_PODFILE_DIR_PATH}/Podfile.lock",
				"${PODS_ROOT}/Manifest.lock",
			);
			name = "[CP] Check Pods Manifest.lock";
			outputFileListPaths = (
			);
			outputPaths = (
				"$(DERIVED_FILE_DIR)/Pods-Presentation-checkManifestLockResult.txt",
			);
			runOnlyForDeploymentPostprocessing = 0;
			shellPath = /bin/sh;
			shellScript = "diff \"${PODS_PODFILE_DIR_PATH}/Podfile.lock\" \"${PODS_ROOT}/Manifest.lock\" > /dev/null\nif [ $? != 0 ] ; then\n    # print error to STDERR\n    echo \"error: The sandbox is not in sync with the Podfile.lock. Run 'pod install' or update your CocoaPods installation.\" >&2\n    exit 1\nfi\n# This output is used by Xcode 'outputs' to avoid re-running this script phase.\necho \"SUCCESS\" > \"${SCRIPT_OUTPUT_FILE_0}\"\n";
			showEnvVarsInLog = 0;
		};
		87627B96030F4FB9D493D603 /* [CP] Embed Pods Frameworks */ = {
			isa = PBXShellScriptBuildPhase;
			buildActionMask = 2147483647;
			files = (
			);
			inputFileListPaths = (
				"${PODS_ROOT}/Target Support Files/Pods-Presentation/Pods-Presentation-frameworks-${CONFIGURATION}-input-files.xcfilelist",
			);
			name = "[CP] Embed Pods Frameworks";
			outputFileListPaths = (
				"${PODS_ROOT}/Target Support Files/Pods-Presentation/Pods-Presentation-frameworks-${CONFIGURATION}-output-files.xcfilelist",
			);
			runOnlyForDeploymentPostprocessing = 0;
			shellPath = /bin/sh;
			shellScript = "\"${PODS_ROOT}/Target Support Files/Pods-Presentation/Pods-Presentation-frameworks.sh\"\n";
			showEnvVarsInLog = 0;
		};
/* End PBXShellScriptBuildPhase section */

/* Begin PBXSourcesBuildPhase section */
		50A3D07122DE376000F98CF2 /* Sources */ = {
			isa = PBXSourcesBuildPhase;
			buildActionMask = 2147483647;
			files = (
				50A3D19822E0EE5900F98CF2 /* Extension.swift in Sources */,
				50A3D17B22DFB7CF00F98CF2 /* Movie.swift in Sources */,
				50A3D18922E0CCA000F98CF2 /* Constants.swift in Sources */,
				50A3D19322E0EE0300F98CF2 /* MenuTabsView.swift in Sources */,
				50A3D13E22DECBC300F98CF2 /* HomeConfigurator.swift in Sources */,
				50A3D18F22E0D5F600F98CF2 /* Genre.swift in Sources */,
				50A3D14022DECBD200F98CF2 /* HomeRouter.swift in Sources */,
				50A3D07922DE376000F98CF2 /* AppDelegate.swift in Sources */,
				50A3D16022DF8C2B00F98CF2 /* Protocols.swift in Sources */,
				50A3D18722E0CC9B00F98CF2 /* Utils.swift in Sources */,
				50A3D14222DECBDD00F98CF2 /* HomePresenter.swift in Sources */,
				50A3D13B22DECBB300F98CF2 /* HomeViewController.swift in Sources */,
				50A3D18322E0C4EF00F98CF2 /* MovieDetailViewController.swift in Sources */,
				50A3D19522E0EE2900F98CF2 /* BasicCell.swift in Sources */,
				50A7F52B22E262B000089954 /* Animations.swift in Sources */,
				50A3D19B22E1216100F98CF2 /* CategoriesViewController.swift in Sources */,
				50A3D17E22DFD7F300F98CF2 /* MovieCollectionViewCell.swift in Sources */,
				50A3D19F22E12AE800F98CF2 /* CategoryTableViewCell.swift in Sources */,
			);
			runOnlyForDeploymentPostprocessing = 0;
		};
		50A3D08522DE376100F98CF2 /* Sources */ = {
			isa = PBXSourcesBuildPhase;
			buildActionMask = 2147483647;
			files = (
				50A3D08E22DE376100F98CF2 /* PresentationTests.swift in Sources */,
			);
			runOnlyForDeploymentPostprocessing = 0;
		};
		50A3D09022DE376100F98CF2 /* Sources */ = {
			isa = PBXSourcesBuildPhase;
			buildActionMask = 2147483647;
			files = (
				50A3D09922DE376100F98CF2 /* PresentationUITests.swift in Sources */,
			);
			runOnlyForDeploymentPostprocessing = 0;
		};
/* End PBXSourcesBuildPhase section */

/* Begin PBXTargetDependency section */
		50A3D08B22DE376100F98CF2 /* PBXTargetDependency */ = {
			isa = PBXTargetDependency;
			target = 50A3D07422DE376000F98CF2 /* Presentation */;
			targetProxy = 50A3D08A22DE376100F98CF2 /* PBXContainerItemProxy */;
		};
		50A3D09622DE376100F98CF2 /* PBXTargetDependency */ = {
			isa = PBXTargetDependency;
			target = 50A3D07422DE376000F98CF2 /* Presentation */;
			targetProxy = 50A3D09522DE376100F98CF2 /* PBXContainerItemProxy */;
		};
/* End PBXTargetDependency section */

/* Begin PBXVariantGroup section */
		50A3D08122DE376100F98CF2 /* LaunchScreen.storyboard */ = {
			isa = PBXVariantGroup;
			children = (
				50A3D08222DE376100F98CF2 /* Base */,
			);
			name = LaunchScreen.storyboard;
			sourceTree = "<group>";
		};
/* End PBXVariantGroup section */

/* Begin XCBuildConfiguration section */
		50A3D09B22DE376100F98CF2 /* Debug */ = {
			isa = XCBuildConfiguration;
			buildSettings = {
				ALWAYS_SEARCH_USER_PATHS = NO;
				CLANG_ANALYZER_NONNULL = YES;
				CLANG_ANALYZER_NUMBER_OBJECT_CONVERSION = YES_AGGRESSIVE;
				CLANG_CXX_LANGUAGE_STANDARD = "gnu++14";
				CLANG_CXX_LIBRARY = "libc++";
				CLANG_ENABLE_MODULES = YES;
				CLANG_ENABLE_OBJC_ARC = YES;
				CLANG_ENABLE_OBJC_WEAK = YES;
				CLANG_WARN_BLOCK_CAPTURE_AUTORELEASING = YES;
				CLANG_WARN_BOOL_CONVERSION = YES;
				CLANG_WARN_COMMA = YES;
				CLANG_WARN_CONSTANT_CONVERSION = YES;
				CLANG_WARN_DEPRECATED_OBJC_IMPLEMENTATIONS = YES;
				CLANG_WARN_DIRECT_OBJC_ISA_USAGE = YES_ERROR;
				CLANG_WARN_DOCUMENTATION_COMMENTS = YES;
				CLANG_WARN_EMPTY_BODY = YES;
				CLANG_WARN_ENUM_CONVERSION = YES;
				CLANG_WARN_INFINITE_RECURSION = YES;
				CLANG_WARN_INT_CONVERSION = YES;
				CLANG_WARN_NON_LITERAL_NULL_CONVERSION = YES;
				CLANG_WARN_OBJC_IMPLICIT_RETAIN_SELF = YES;
				CLANG_WARN_OBJC_LITERAL_CONVERSION = YES;
				CLANG_WARN_OBJC_ROOT_CLASS = YES_ERROR;
				CLANG_WARN_RANGE_LOOP_ANALYSIS = YES;
				CLANG_WARN_STRICT_PROTOTYPES = YES;
				CLANG_WARN_SUSPICIOUS_MOVE = YES;
				CLANG_WARN_UNGUARDED_AVAILABILITY = YES_AGGRESSIVE;
				CLANG_WARN_UNREACHABLE_CODE = YES;
				CLANG_WARN__DUPLICATE_METHOD_MATCH = YES;
				CODE_SIGN_IDENTITY = "iPhone Developer";
				COPY_PHASE_STRIP = NO;
				DEBUG_INFORMATION_FORMAT = dwarf;
				ENABLE_STRICT_OBJC_MSGSEND = YES;
				ENABLE_TESTABILITY = YES;
				GCC_C_LANGUAGE_STANDARD = gnu11;
				GCC_DYNAMIC_NO_PIC = NO;
				GCC_NO_COMMON_BLOCKS = YES;
				GCC_OPTIMIZATION_LEVEL = 0;
				GCC_PREPROCESSOR_DEFINITIONS = (
					"DEBUG=1",
					"$(inherited)",
				);
				GCC_WARN_64_TO_32_BIT_CONVERSION = YES;
				GCC_WARN_ABOUT_RETURN_TYPE = YES_ERROR;
				GCC_WARN_UNDECLARED_SELECTOR = YES;
				GCC_WARN_UNINITIALIZED_AUTOS = YES_AGGRESSIVE;
				GCC_WARN_UNUSED_FUNCTION = YES;
				GCC_WARN_UNUSED_VARIABLE = YES;
				IPHONEOS_DEPLOYMENT_TARGET = 12.2;
				MTL_ENABLE_DEBUG_INFO = INCLUDE_SOURCE;
				MTL_FAST_MATH = YES;
				ONLY_ACTIVE_ARCH = YES;
				SDKROOT = iphoneos;
				SWIFT_ACTIVE_COMPILATION_CONDITIONS = DEBUG;
				SWIFT_OPTIMIZATION_LEVEL = "-Onone";
			};
			name = Debug;
		};
		50A3D09C22DE376100F98CF2 /* Release */ = {
			isa = XCBuildConfiguration;
			buildSettings = {
				ALWAYS_SEARCH_USER_PATHS = NO;
				CLANG_ANALYZER_NONNULL = YES;
				CLANG_ANALYZER_NUMBER_OBJECT_CONVERSION = YES_AGGRESSIVE;
				CLANG_CXX_LANGUAGE_STANDARD = "gnu++14";
				CLANG_CXX_LIBRARY = "libc++";
				CLANG_ENABLE_MODULES = YES;
				CLANG_ENABLE_OBJC_ARC = YES;
				CLANG_ENABLE_OBJC_WEAK = YES;
				CLANG_WARN_BLOCK_CAPTURE_AUTORELEASING = YES;
				CLANG_WARN_BOOL_CONVERSION = YES;
				CLANG_WARN_COMMA = YES;
				CLANG_WARN_CONSTANT_CONVERSION = YES;
				CLANG_WARN_DEPRECATED_OBJC_IMPLEMENTATIONS = YES;
				CLANG_WARN_DIRECT_OBJC_ISA_USAGE = YES_ERROR;
				CLANG_WARN_DOCUMENTATION_COMMENTS = YES;
				CLANG_WARN_EMPTY_BODY = YES;
				CLANG_WARN_ENUM_CONVERSION = YES;
				CLANG_WARN_INFINITE_RECURSION = YES;
				CLANG_WARN_INT_CONVERSION = YES;
				CLANG_WARN_NON_LITERAL_NULL_CONVERSION = YES;
				CLANG_WARN_OBJC_IMPLICIT_RETAIN_SELF = YES;
				CLANG_WARN_OBJC_LITERAL_CONVERSION = YES;
				CLANG_WARN_OBJC_ROOT_CLASS = YES_ERROR;
				CLANG_WARN_RANGE_LOOP_ANALYSIS = YES;
				CLANG_WARN_STRICT_PROTOTYPES = YES;
				CLANG_WARN_SUSPICIOUS_MOVE = YES;
				CLANG_WARN_UNGUARDED_AVAILABILITY = YES_AGGRESSIVE;
				CLANG_WARN_UNREACHABLE_CODE = YES;
				CLANG_WARN__DUPLICATE_METHOD_MATCH = YES;
				CODE_SIGN_IDENTITY = "iPhone Developer";
				COPY_PHASE_STRIP = NO;
				DEBUG_INFORMATION_FORMAT = "dwarf-with-dsym";
				ENABLE_NS_ASSERTIONS = NO;
				ENABLE_STRICT_OBJC_MSGSEND = YES;
				GCC_C_LANGUAGE_STANDARD = gnu11;
				GCC_NO_COMMON_BLOCKS = YES;
				GCC_WARN_64_TO_32_BIT_CONVERSION = YES;
				GCC_WARN_ABOUT_RETURN_TYPE = YES_ERROR;
				GCC_WARN_UNDECLARED_SELECTOR = YES;
				GCC_WARN_UNINITIALIZED_AUTOS = YES_AGGRESSIVE;
				GCC_WARN_UNUSED_FUNCTION = YES;
				GCC_WARN_UNUSED_VARIABLE = YES;
				IPHONEOS_DEPLOYMENT_TARGET = 12.2;
				MTL_ENABLE_DEBUG_INFO = NO;
				MTL_FAST_MATH = YES;
				SDKROOT = iphoneos;
				SWIFT_COMPILATION_MODE = wholemodule;
				SWIFT_OPTIMIZATION_LEVEL = "-O";
				VALIDATE_PRODUCT = YES;
			};
			name = Release;
		};
		50A3D09E22DE376100F98CF2 /* Debug */ = {
			isa = XCBuildConfiguration;
			baseConfigurationReference = EAEB457396DC3B61E1E49C99 /* Pods-Presentation.debug.xcconfig */;
			buildSettings = {
				ASSETCATALOG_COMPILER_APPICON_NAME = AppIcon;
				CODE_SIGN_STYLE = Automatic;
				DEVELOPMENT_TEAM = 778N4TU227;
				INFOPLIST_FILE = Presentation/Info.plist;
				LD_RUNPATH_SEARCH_PATHS = (
					"$(inherited)",
					"@executable_path/Frameworks",
				);
				PRODUCT_BUNDLE_IDENTIFIER = com.jcapasix.Presentation;
				PRODUCT_NAME = "$(TARGET_NAME)";
				SWIFT_VERSION = 5.0;
				TARGETED_DEVICE_FAMILY = 1;
			};
			name = Debug;
		};
		50A3D09F22DE376100F98CF2 /* Release */ = {
			isa = XCBuildConfiguration;
			baseConfigurationReference = C4AD5B2C7DA80AC2004DC434 /* Pods-Presentation.release.xcconfig */;
			buildSettings = {
				ASSETCATALOG_COMPILER_APPICON_NAME = AppIcon;
				CODE_SIGN_STYLE = Automatic;
				DEVELOPMENT_TEAM = 778N4TU227;
				INFOPLIST_FILE = Presentation/Info.plist;
				LD_RUNPATH_SEARCH_PATHS = (
					"$(inherited)",
					"@executable_path/Frameworks",
				);
				PRODUCT_BUNDLE_IDENTIFIER = com.jcapasix.Presentation;
				PRODUCT_NAME = "$(TARGET_NAME)";
				SWIFT_VERSION = 5.0;
				TARGETED_DEVICE_FAMILY = 1;
			};
			name = Release;
		};
		50A3D0A122DE376100F98CF2 /* Debug */ = {
			isa = XCBuildConfiguration;
			buildSettings = {
				ALWAYS_EMBED_SWIFT_STANDARD_LIBRARIES = YES;
				BUNDLE_LOADER = "$(TEST_HOST)";
				CODE_SIGN_STYLE = Automatic;
				DEVELOPMENT_TEAM = 778N4TU227;
				INFOPLIST_FILE = PresentationTests/Info.plist;
				LD_RUNPATH_SEARCH_PATHS = (
					"$(inherited)",
					"@executable_path/Frameworks",
					"@loader_path/Frameworks",
				);
				PRODUCT_BUNDLE_IDENTIFIER = com.jcapasix.PresentationTests;
				PRODUCT_NAME = "$(TARGET_NAME)";
				SWIFT_VERSION = 5.0;
				TARGETED_DEVICE_FAMILY = "1,2";
				TEST_HOST = "$(BUILT_PRODUCTS_DIR)/Presentation.app/Presentation";
			};
			name = Debug;
		};
		50A3D0A222DE376100F98CF2 /* Release */ = {
			isa = XCBuildConfiguration;
			buildSettings = {
				ALWAYS_EMBED_SWIFT_STANDARD_LIBRARIES = YES;
				BUNDLE_LOADER = "$(TEST_HOST)";
				CODE_SIGN_STYLE = Automatic;
				DEVELOPMENT_TEAM = 778N4TU227;
				INFOPLIST_FILE = PresentationTests/Info.plist;
				LD_RUNPATH_SEARCH_PATHS = (
					"$(inherited)",
					"@executable_path/Frameworks",
					"@loader_path/Frameworks",
				);
				PRODUCT_BUNDLE_IDENTIFIER = com.jcapasix.PresentationTests;
				PRODUCT_NAME = "$(TARGET_NAME)";
				SWIFT_VERSION = 5.0;
				TARGETED_DEVICE_FAMILY = "1,2";
				TEST_HOST = "$(BUILT_PRODUCTS_DIR)/Presentation.app/Presentation";
			};
			name = Release;
		};
		50A3D0A422DE376100F98CF2 /* Debug */ = {
			isa = XCBuildConfiguration;
			buildSettings = {
				ALWAYS_EMBED_SWIFT_STANDARD_LIBRARIES = YES;
				CODE_SIGN_STYLE = Automatic;
				DEVELOPMENT_TEAM = 778N4TU227;
				INFOPLIST_FILE = PresentationUITests/Info.plist;
				LD_RUNPATH_SEARCH_PATHS = (
					"$(inherited)",
					"@executable_path/Frameworks",
					"@loader_path/Frameworks",
				);
				PRODUCT_BUNDLE_IDENTIFIER = com.jcapasix.PresentationUITests;
				PRODUCT_NAME = "$(TARGET_NAME)";
				SWIFT_VERSION = 5.0;
				TARGETED_DEVICE_FAMILY = "1,2";
				TEST_TARGET_NAME = Presentation;
			};
			name = Debug;
		};
		50A3D0A522DE376100F98CF2 /* Release */ = {
			isa = XCBuildConfiguration;
			buildSettings = {
				ALWAYS_EMBED_SWIFT_STANDARD_LIBRARIES = YES;
				CODE_SIGN_STYLE = Automatic;
				DEVELOPMENT_TEAM = 778N4TU227;
				INFOPLIST_FILE = PresentationUITests/Info.plist;
				LD_RUNPATH_SEARCH_PATHS = (
					"$(inherited)",
					"@executable_path/Frameworks",
					"@loader_path/Frameworks",
				);
				PRODUCT_BUNDLE_IDENTIFIER = com.jcapasix.PresentationUITests;
				PRODUCT_NAME = "$(TARGET_NAME)";
				SWIFT_VERSION = 5.0;
				TARGETED_DEVICE_FAMILY = "1,2";
				TEST_TARGET_NAME = Presentation;
			};
			name = Release;
		};
/* End XCBuildConfiguration section */

/* Begin XCConfigurationList section */
		50A3D07022DE376000F98CF2 /* Build configuration list for PBXProject "Presentation" */ = {
			isa = XCConfigurationList;
			buildConfigurations = (
				50A3D09B22DE376100F98CF2 /* Debug */,
				50A3D09C22DE376100F98CF2 /* Release */,
			);
			defaultConfigurationIsVisible = 0;
			defaultConfigurationName = Release;
		};
		50A3D09D22DE376100F98CF2 /* Build configuration list for PBXNativeTarget "Presentation" */ = {
			isa = XCConfigurationList;
			buildConfigurations = (
				50A3D09E22DE376100F98CF2 /* Debug */,
				50A3D09F22DE376100F98CF2 /* Release */,
			);
			defaultConfigurationIsVisible = 0;
			defaultConfigurationName = Release;
		};
		50A3D0A022DE376100F98CF2 /* Build configuration list for PBXNativeTarget "PresentationTests" */ = {
			isa = XCConfigurationList;
			buildConfigurations = (
				50A3D0A122DE376100F98CF2 /* Debug */,
				50A3D0A222DE376100F98CF2 /* Release */,
			);
			defaultConfigurationIsVisible = 0;
			defaultConfigurationName = Release;
		};
		50A3D0A322DE376100F98CF2 /* Build configuration list for PBXNativeTarget "PresentationUITests" */ = {
			isa = XCConfigurationList;
			buildConfigurations = (
				50A3D0A422DE376100F98CF2 /* Debug */,
				50A3D0A522DE376100F98CF2 /* Release */,
			);
			defaultConfigurationIsVisible = 0;
			defaultConfigurationName = Release;
		};
/* End XCConfigurationList section */
	};
	rootObject = 50A3D06D22DE376000F98CF2 /* Project object */;
}
